// !$*UTF8*$!
{
	archiveVersion = 1;
	classes = {
	};
	objectVersion = 48;
	objects = {

/* Begin PBXBuildFile section */
		CC0F9C07203C87480070600D /* MenuData.json in Resources */ = {isa = PBXBuildFile; fileRef = CC0F9C06203C87470070600D /* MenuData.json */; };
		CC0F9C17203F53100070600D /* AFHTTPSessionManager.m in Sources */ = {isa = PBXBuildFile; fileRef = CC0F9C0B203F53100070600D /* AFHTTPSessionManager.m */; };
		CC0F9C18203F53100070600D /* AFNetworkReachabilityManager.m in Sources */ = {isa = PBXBuildFile; fileRef = CC0F9C0E203F53100070600D /* AFNetworkReachabilityManager.m */; };
		CC0F9C19203F53100070600D /* AFSecurityPolicy.m in Sources */ = {isa = PBXBuildFile; fileRef = CC0F9C10203F53100070600D /* AFSecurityPolicy.m */; };
		CC0F9C1A203F53100070600D /* AFURLRequestSerialization.m in Sources */ = {isa = PBXBuildFile; fileRef = CC0F9C12203F53100070600D /* AFURLRequestSerialization.m */; };
		CC0F9C1B203F53100070600D /* AFURLResponseSerialization.m in Sources */ = {isa = PBXBuildFile; fileRef = CC0F9C14203F53100070600D /* AFURLResponseSerialization.m */; };
		CC0F9C1C203F53100070600D /* AFURLSessionManager.m in Sources */ = {isa = PBXBuildFile; fileRef = CC0F9C16203F53100070600D /* AFURLSessionManager.m */; };
		CC12E42F1FCD347200DFCC0E /* MapKit.framework in Frameworks */ = {isa = PBXBuildFile; fileRef = CC12E42E1FCD346C00DFCC0E /* MapKit.framework */; settings = {ATTRIBUTES = (Required, ); }; };
		CC22795A200A97E4005949A1 /* MSNavigationController.m in Sources */ = {isa = PBXBuildFile; fileRef = CC227959200A97E3005949A1 /* MSNavigationController.m */; };
		CC22795D200A981C005949A1 /* UIViewController+MSExtensions.m in Sources */ = {isa = PBXBuildFile; fileRef = CC22795C200A981C005949A1 /* UIViewController+MSExtensions.m */; };
		CC227960200A985A005949A1 /* UIColor+MSAdditions.m in Sources */ = {isa = PBXBuildFile; fileRef = CC22795F200A9859005949A1 /* UIColor+MSAdditions.m */; };
		CC22796A200FA425005949A1 /* DemoCollectionViewCell.m in Sources */ = {isa = PBXBuildFile; fileRef = CC227968200FA425005949A1 /* DemoCollectionViewCell.m */; };
		CC22796B200FA425005949A1 /* DemoCollectionViewCell.xib in Resources */ = {isa = PBXBuildFile; fileRef = CC227969200FA425005949A1 /* DemoCollectionViewCell.xib */; };
		CC22796F200FB243005949A1 /* DemoCellInfoViewController.m in Sources */ = {isa = PBXBuildFile; fileRef = CC22796E200FB243005949A1 /* DemoCellInfoViewController.m */; };
		CC227973200FC76D005949A1 /* NewsCellInfoViewController.m in Sources */ = {isa = PBXBuildFile; fileRef = CC227972200FC76D005949A1 /* NewsCellInfoViewController.m */; };
		CC2279FF2012085F005949A1 /* HomeTableViewController.m in Sources */ = {isa = PBXBuildFile; fileRef = CC2279FE2012085F005949A1 /* HomeTableViewController.m */; };
		CC227A03201208EE005949A1 /* WhyLearnProCollectionViewCell.m in Sources */ = {isa = PBXBuildFile; fileRef = CC227A01201208EE005949A1 /* WhyLearnProCollectionViewCell.m */; };
		CC227A04201208EE005949A1 /* WhyLearnProCollectionViewCell.xib in Resources */ = {isa = PBXBuildFile; fileRef = CC227A02201208EE005949A1 /* WhyLearnProCollectionViewCell.xib */; };
		CC227A0920120CCC005949A1 /* BeFreeCollectionViewCell.m in Sources */ = {isa = PBXBuildFile; fileRef = CC227A0720120CCC005949A1 /* BeFreeCollectionViewCell.m */; };
		CC227A0A20120CCC005949A1 /* BeFreeCollectionViewCell.xib in Resources */ = {isa = PBXBuildFile; fileRef = CC227A0820120CCC005949A1 /* BeFreeCollectionViewCell.xib */; };
		CC227A0F20120CEF005949A1 /* SubectsCollectionViewCell.m in Sources */ = {isa = PBXBuildFile; fileRef = CC227A0D20120CEF005949A1 /* SubectsCollectionViewCell.m */; };
		CC227A1020120CEF005949A1 /* SubectsCollectionViewCell.xib in Resources */ = {isa = PBXBuildFile; fileRef = CC227A0E20120CEF005949A1 /* SubectsCollectionViewCell.xib */; };
		CC227A1320177655005949A1 /* BFdata.json in Resources */ = {isa = PBXBuildFile; fileRef = CC227A1220177655005949A1 /* BFdata.json */; };
		CC227A152017765A005949A1 /* WLPdata.json in Resources */ = {isa = PBXBuildFile; fileRef = CC227A142017765A005949A1 /* WLPdata.json */; };
		CC26BA8D20232D7400901CC9 /* LeftView.m in Sources */ = {isa = PBXBuildFile; fileRef = CC26BA8C20232D7400901CC9 /* LeftView.m */; };
		CC26BA9020232D9200901CC9 /* RightView.m in Sources */ = {isa = PBXBuildFile; fileRef = CC26BA8F20232D9200901CC9 /* RightView.m */; };
		CC26BA9320232E2400901CC9 /* MenuSide.storyboard in Resources */ = {isa = PBXBuildFile; fileRef = CC26BA9120232E2300901CC9 /* MenuSide.storyboard */; };
		CC26BA96202478D700901CC9 /* Lessons.storyboard in Resources */ = {isa = PBXBuildFile; fileRef = CC26BA94202478D600901CC9 /* Lessons.storyboard */; };
		CC26BAA420247BB400901CC9 /* LessonsViewController.m in Sources */ = {isa = PBXBuildFile; fileRef = CC26BAA320247BB400901CC9 /* LessonsViewController.m */; };
		CC26BAA92024892E00901CC9 /* ClassCollectionViewCell.m in Sources */ = {isa = PBXBuildFile; fileRef = CC26BAA72024892E00901CC9 /* ClassCollectionViewCell.m */; };
		CC26BAAA2024892E00901CC9 /* ClassCollectionViewCell.xib in Resources */ = {isa = PBXBuildFile; fileRef = CC26BAA82024892E00901CC9 /* ClassCollectionViewCell.xib */; };
		CC26BAB120248ECD00901CC9 /* ClassesViewController.m in Sources */ = {isa = PBXBuildFile; fileRef = CC26BAB020248ECD00901CC9 /* ClassesViewController.m */; };
		CC26BAB52024D3E800901CC9 /* SubjectViewController.m in Sources */ = {isa = PBXBuildFile; fileRef = CC26BAB42024D3E800901CC9 /* SubjectViewController.m */; };
		CC26BABC20259B7400901CC9 /* SubjectSecondPageCollectionViewCell.m in Sources */ = {isa = PBXBuildFile; fileRef = CC26BABA20259B7400901CC9 /* SubjectSecondPageCollectionViewCell.m */; };
		CC26BABD20259B7400901CC9 /* SubjectSecondPageCollectionViewCell.xib in Resources */ = {isa = PBXBuildFile; fileRef = CC26BABB20259B7400901CC9 /* SubjectSecondPageCollectionViewCell.xib */; };
		CC2FC6712028A0260006B727 /* WebServiceManager.m in Sources */ = {isa = PBXBuildFile; fileRef = CC2FC6692028A0250006B727 /* WebServiceManager.m */; };
		CC2FC6722028A0260006B727 /* NSDictionary+UrlEncoding.m in Sources */ = {isa = PBXBuildFile; fileRef = CC2FC66A2028A0250006B727 /* NSDictionary+UrlEncoding.m */; };
		CC2FC6732028A0260006B727 /* JSON.m in Sources */ = {isa = PBXBuildFile; fileRef = CC2FC66B2028A0250006B727 /* JSON.m */; };
		CC2FC6742028A0260006B727 /* NSURLSession+Addition.m in Sources */ = {isa = PBXBuildFile; fileRef = CC2FC66D2028A0250006B727 /* NSURLSession+Addition.m */; };
		CC2FC67A2028A0990006B727 /* MSGoogleTagManager.m in Sources */ = {isa = PBXBuildFile; fileRef = CC2FC6792028A0990006B727 /* MSGoogleTagManager.m */; };
		CC2FC6802028A0A80006B727 /* MSApiRequest.m in Sources */ = {isa = PBXBuildFile; fileRef = CC2FC67D2028A0A80006B727 /* MSApiRequest.m */; };
		CC2FC6812028A0A80006B727 /* MSBaseRequest.m in Sources */ = {isa = PBXBuildFile; fileRef = CC2FC67E2028A0A80006B727 /* MSBaseRequest.m */; };
		CC2FC69E2028A0CE0006B727 /* MSAPIConstants.m in Sources */ = {isa = PBXBuildFile; fileRef = CC2FC6882028A0CB0006B727 /* MSAPIConstants.m */; };
		CC2FC6A32028A0CE0006B727 /* MSRequest.m in Sources */ = {isa = PBXBuildFile; fileRef = CC2FC6962028A0CD0006B727 /* MSRequest.m */; };
		CC2FC6A52028A0CE0006B727 /* MSApi.m in Sources */ = {isa = PBXBuildFile; fileRef = CC2FC6992028A0CE0006B727 /* MSApi.m */; };
		CC2FC6A92028A0F90006B727 /* Reachability.m in Sources */ = {isa = PBXBuildFile; fileRef = CC2FC6A72028A0F90006B727 /* Reachability.m */; };
		CC2FC6AF2028A2160006B727 /* LPSubjectsApi.m in Sources */ = {isa = PBXBuildFile; fileRef = CC2FC6AE2028A2160006B727 /* LPSubjectsApi.m */; };
		CC2FC6B32028A2BB0006B727 /* LPSubject.m in Sources */ = {isa = PBXBuildFile; fileRef = CC2FC6B22028A2BB0006B727 /* LPSubject.m */; };
		CC2FC6BD2028AED30006B727 /* MMDrawerBarButtonItem.m in Sources */ = {isa = PBXBuildFile; fileRef = CC2FC6B42028AED10006B727 /* MMDrawerBarButtonItem.m */; };
		CC2FC6BE2028AED30006B727 /* MMDrawerController.m in Sources */ = {isa = PBXBuildFile; fileRef = CC2FC6B52028AED20006B727 /* MMDrawerController.m */; };
		CC2FC6BF2028AED30006B727 /* MMDrawerVisualState.m in Sources */ = {isa = PBXBuildFile; fileRef = CC2FC6B82028AED20006B727 /* MMDrawerVisualState.m */; };
		CC2FC6C02028AED30006B727 /* UIViewController+MMDrawerController.m in Sources */ = {isa = PBXBuildFile; fileRef = CC2FC6BA2028AED20006B727 /* UIViewController+MMDrawerController.m */; };
		CC2FC6DB2028B3D40006B727 /* LessonCollectionViewCell.m in Sources */ = {isa = PBXBuildFile; fileRef = CC2FC6D92028B3D40006B727 /* LessonCollectionViewCell.m */; };
		CC2FC6DC2028B3D40006B727 /* LessonCollectionViewCell.xib in Resources */ = {isa = PBXBuildFile; fileRef = CC2FC6DA2028B3D40006B727 /* LessonCollectionViewCell.xib */; };
		CC2FC741202CA9A80006B727 /* LogRegViewController.m in Sources */ = {isa = PBXBuildFile; fileRef = CC2FC740202CA9A80006B727 /* LogRegViewController.m */; };
		CC6B11301FCC2C8B00F518AB /* AppDelegate.m in Sources */ = {isa = PBXBuildFile; fileRef = CC6B112F1FCC2C8B00F518AB /* AppDelegate.m */; };
		CC6B11361FCC2C8B00F518AB /* Main.storyboard in Resources */ = {isa = PBXBuildFile; fileRef = CC6B11341FCC2C8B00F518AB /* Main.storyboard */; };
		CC6B11391FCC2C8B00F518AB /* LearnPro.xcdatamodeld in Sources */ = {isa = PBXBuildFile; fileRef = CC6B11371FCC2C8B00F518AB /* LearnPro.xcdatamodeld */; };
		CC6B113B1FCC2C8B00F518AB /* Assets.xcassets in Resources */ = {isa = PBXBuildFile; fileRef = CC6B113A1FCC2C8B00F518AB /* Assets.xcassets */; };
		CC6B113E1FCC2C8B00F518AB /* LaunchScreen.storyboard in Resources */ = {isa = PBXBuildFile; fileRef = CC6B113C1FCC2C8B00F518AB /* LaunchScreen.storyboard */; };
		CC6B11411FCC2C8B00F518AB /* main.m in Sources */ = {isa = PBXBuildFile; fileRef = CC6B11401FCC2C8B00F518AB /* main.m */; };
		CC6B114B1FCC2C8B00F518AB /* LearnProTests.m in Sources */ = {isa = PBXBuildFile; fileRef = CC6B114A1FCC2C8B00F518AB /* LearnProTests.m */; };
		CC6B11561FCC2C8B00F518AB /* LearnProUITests.m in Sources */ = {isa = PBXBuildFile; fileRef = CC6B11551FCC2C8B00F518AB /* LearnProUITests.m */; };
		CC6B116D1FCC3F3F00F518AB /* AboutUsViewController.m in Sources */ = {isa = PBXBuildFile; fileRef = CC6B116C1FCC3F3F00F518AB /* AboutUsViewController.m */; };
		CC6B11701FCC3F5400F518AB /* ContactUsViewController.m in Sources */ = {isa = PBXBuildFile; fileRef = CC6B116F1FCC3F5400F518AB /* ContactUsViewController.m */; };
		CC6B11731FCC3F6B00F518AB /* DemoViewController.m in Sources */ = {isa = PBXBuildFile; fileRef = CC6B11721FCC3F6B00F518AB /* DemoViewController.m */; };
		CC6B11761FCC3F7E00F518AB /* NewsViewController.m in Sources */ = {isa = PBXBuildFile; fileRef = CC6B11751FCC3F7E00F518AB /* NewsViewController.m */; };
		CC6EF43F1FD5426C00C81EED /* TabBarViewController.m in Sources */ = {isa = PBXBuildFile; fileRef = CC6EF43E1FD5426C00C81EED /* TabBarViewController.m */; };
		CC7BB6F11FD87DC300348625 /* NewsCollectionViewCell.m in Sources */ = {isa = PBXBuildFile; fileRef = CC7BB6EF1FD87DC300348625 /* NewsCollectionViewCell.m */; };
		CC7BB6F21FD87DC300348625 /* NewsCollectionViewCell.xib in Resources */ = {isa = PBXBuildFile; fileRef = CC7BB6F01FD87DC300348625 /* NewsCollectionViewCell.xib */; };
		CC7CB4CD1FF052A600A21748 /* LogInViewController.m in Sources */ = {isa = PBXBuildFile; fileRef = CC7CB4CC1FF052A600A21748 /* LogInViewController.m */; };
		CC7CB4D21FF052CF00A21748 /* RegisterViewController.m in Sources */ = {isa = PBXBuildFile; fileRef = CC7CB4D11FF052CF00A21748 /* RegisterViewController.m */; };
		CCF4CBB22034CAC400E98D11 /* InfoViewController.m in Sources */ = {isa = PBXBuildFile; fileRef = CCF4CBB12034CAC400E98D11 /* InfoViewController.m */; };
		CCFF4AB6200545BB008832EA /* NSString+EmailValidation.m in Sources */ = {isa = PBXBuildFile; fileRef = CCFF4AB4200545BA008832EA /* NSString+EmailValidation.m */; };
		CCFF4ABD2009EF9F008832EA /* SubviewViewController.m in Sources */ = {isa = PBXBuildFile; fileRef = CCFF4ABB2009EF9F008832EA /* SubviewViewController.m */; };
		CCFF4ABE2009EF9F008832EA /* SubviewViewController.xib in Resources */ = {isa = PBXBuildFile; fileRef = CCFF4ABC2009EF9F008832EA /* SubviewViewController.xib */; };
/* End PBXBuildFile section */

/* Begin PBXContainerItemProxy section */
		CC6B11471FCC2C8B00F518AB /* PBXContainerItemProxy */ = {
			isa = PBXContainerItemProxy;
			containerPortal = CC6B11231FCC2C8B00F518AB /* Project object */;
			proxyType = 1;
			remoteGlobalIDString = CC6B112A1FCC2C8B00F518AB;
			remoteInfo = LearnPro;
		};
		CC6B11521FCC2C8B00F518AB /* PBXContainerItemProxy */ = {
			isa = PBXContainerItemProxy;
			containerPortal = CC6B11231FCC2C8B00F518AB /* Project object */;
			proxyType = 1;
			remoteGlobalIDString = CC6B112A1FCC2C8B00F518AB;
			remoteInfo = LearnPro;
		};
/* End PBXContainerItemProxy section */

/* Begin PBXFileReference section */
		CC0F9C06203C87470070600D /* MenuData.json */ = {isa = PBXFileReference; fileEncoding = 4; lastKnownFileType = text.json; path = MenuData.json; sourceTree = "<group>"; };
		CC0F9C0A203F53100070600D /* AFHTTPSessionManager.h */ = {isa = PBXFileReference; fileEncoding = 4; lastKnownFileType = sourcecode.c.h; path = AFHTTPSessionManager.h; sourceTree = "<group>"; };
		CC0F9C0B203F53100070600D /* AFHTTPSessionManager.m */ = {isa = PBXFileReference; fileEncoding = 4; lastKnownFileType = sourcecode.c.objc; path = AFHTTPSessionManager.m; sourceTree = "<group>"; };
		CC0F9C0C203F53100070600D /* AFNetworking.h */ = {isa = PBXFileReference; fileEncoding = 4; lastKnownFileType = sourcecode.c.h; path = AFNetworking.h; sourceTree = "<group>"; };
		CC0F9C0D203F53100070600D /* AFNetworkReachabilityManager.h */ = {isa = PBXFileReference; fileEncoding = 4; lastKnownFileType = sourcecode.c.h; path = AFNetworkReachabilityManager.h; sourceTree = "<group>"; };
		CC0F9C0E203F53100070600D /* AFNetworkReachabilityManager.m */ = {isa = PBXFileReference; fileEncoding = 4; lastKnownFileType = sourcecode.c.objc; path = AFNetworkReachabilityManager.m; sourceTree = "<group>"; };
		CC0F9C0F203F53100070600D /* AFSecurityPolicy.h */ = {isa = PBXFileReference; fileEncoding = 4; lastKnownFileType = sourcecode.c.h; path = AFSecurityPolicy.h; sourceTree = "<group>"; };
		CC0F9C10203F53100070600D /* AFSecurityPolicy.m */ = {isa = PBXFileReference; fileEncoding = 4; lastKnownFileType = sourcecode.c.objc; path = AFSecurityPolicy.m; sourceTree = "<group>"; };
		CC0F9C11203F53100070600D /* AFURLRequestSerialization.h */ = {isa = PBXFileReference; fileEncoding = 4; lastKnownFileType = sourcecode.c.h; path = AFURLRequestSerialization.h; sourceTree = "<group>"; };
		CC0F9C12203F53100070600D /* AFURLRequestSerialization.m */ = {isa = PBXFileReference; fileEncoding = 4; lastKnownFileType = sourcecode.c.objc; path = AFURLRequestSerialization.m; sourceTree = "<group>"; };
		CC0F9C13203F53100070600D /* AFURLResponseSerialization.h */ = {isa = PBXFileReference; fileEncoding = 4; lastKnownFileType = sourcecode.c.h; path = AFURLResponseSerialization.h; sourceTree = "<group>"; };
		CC0F9C14203F53100070600D /* AFURLResponseSerialization.m */ = {isa = PBXFileReference; fileEncoding = 4; lastKnownFileType = sourcecode.c.objc; path = AFURLResponseSerialization.m; sourceTree = "<group>"; };
		CC0F9C15203F53100070600D /* AFURLSessionManager.h */ = {isa = PBXFileReference; fileEncoding = 4; lastKnownFileType = sourcecode.c.h; path = AFURLSessionManager.h; sourceTree = "<group>"; };
		CC0F9C16203F53100070600D /* AFURLSessionManager.m */ = {isa = PBXFileReference; fileEncoding = 4; lastKnownFileType = sourcecode.c.objc; path = AFURLSessionManager.m; sourceTree = "<group>"; };
		CC12E42E1FCD346C00DFCC0E /* MapKit.framework */ = {isa = PBXFileReference; lastKnownFileType = wrapper.framework; name = MapKit.framework; path = System/Library/Frameworks/MapKit.framework; sourceTree = SDKROOT; };
		CC12E4301FCD348100DFCC0E /* CallKit.framework */ = {isa = PBXFileReference; lastKnownFileType = wrapper.framework; name = CallKit.framework; path = System/Library/Frameworks/CallKit.framework; sourceTree = SDKROOT; };
		CC227958200A97E3005949A1 /* MSNavigationController.h */ = {isa = PBXFileReference; fileEncoding = 4; lastKnownFileType = sourcecode.c.h; name = MSNavigationController.h; path = LearnPro/MSNavigationController.h; sourceTree = SOURCE_ROOT; };
		CC227959200A97E3005949A1 /* MSNavigationController.m */ = {isa = PBXFileReference; fileEncoding = 4; lastKnownFileType = sourcecode.c.objc; name = MSNavigationController.m; path = LearnPro/MSNavigationController.m; sourceTree = SOURCE_ROOT; };
		CC22795B200A981C005949A1 /* UIViewController+MSExtensions.h */ = {isa = PBXFileReference; fileEncoding = 4; lastKnownFileType = sourcecode.c.h; name = "UIViewController+MSExtensions.h"; path = "LearnPro/UIViewController+MSExtensions.h"; sourceTree = SOURCE_ROOT; };
		CC22795C200A981C005949A1 /* UIViewController+MSExtensions.m */ = {isa = PBXFileReference; fileEncoding = 4; lastKnownFileType = sourcecode.c.objc; name = "UIViewController+MSExtensions.m"; path = "LearnPro/UIViewController+MSExtensions.m"; sourceTree = SOURCE_ROOT; };
		CC22795E200A9859005949A1 /* UIColor+MSAdditions.h */ = {isa = PBXFileReference; fileEncoding = 4; lastKnownFileType = sourcecode.c.h; name = "UIColor+MSAdditions.h"; path = "LearnPro/UIColor+MSAdditions.h"; sourceTree = SOURCE_ROOT; };
		CC22795F200A9859005949A1 /* UIColor+MSAdditions.m */ = {isa = PBXFileReference; fileEncoding = 4; lastKnownFileType = sourcecode.c.objc; name = "UIColor+MSAdditions.m"; path = "LearnPro/UIColor+MSAdditions.m"; sourceTree = SOURCE_ROOT; };
		CC227967200FA425005949A1 /* DemoCollectionViewCell.h */ = {isa = PBXFileReference; lastKnownFileType = sourcecode.c.h; path = DemoCollectionViewCell.h; sourceTree = "<group>"; };
		CC227968200FA425005949A1 /* DemoCollectionViewCell.m */ = {isa = PBXFileReference; lastKnownFileType = sourcecode.c.objc; path = DemoCollectionViewCell.m; sourceTree = "<group>"; };
		CC227969200FA425005949A1 /* DemoCollectionViewCell.xib */ = {isa = PBXFileReference; lastKnownFileType = file.xib; path = DemoCollectionViewCell.xib; sourceTree = "<group>"; };
		CC22796D200FB243005949A1 /* DemoCellInfoViewController.h */ = {isa = PBXFileReference; lastKnownFileType = sourcecode.c.h; path = DemoCellInfoViewController.h; sourceTree = "<group>"; };
		CC22796E200FB243005949A1 /* DemoCellInfoViewController.m */ = {isa = PBXFileReference; lastKnownFileType = sourcecode.c.objc; path = DemoCellInfoViewController.m; sourceTree = "<group>"; };
		CC227971200FC76D005949A1 /* NewsCellInfoViewController.h */ = {isa = PBXFileReference; lastKnownFileType = sourcecode.c.h; path = NewsCellInfoViewController.h; sourceTree = "<group>"; };
		CC227972200FC76D005949A1 /* NewsCellInfoViewController.m */ = {isa = PBXFileReference; lastKnownFileType = sourcecode.c.objc; path = NewsCellInfoViewController.m; sourceTree = "<group>"; };
		CC2279FD2012085F005949A1 /* HomeTableViewController.h */ = {isa = PBXFileReference; lastKnownFileType = sourcecode.c.h; path = HomeTableViewController.h; sourceTree = "<group>"; };
		CC2279FE2012085F005949A1 /* HomeTableViewController.m */ = {isa = PBXFileReference; lastKnownFileType = sourcecode.c.objc; path = HomeTableViewController.m; sourceTree = "<group>"; };
		CC227A00201208EE005949A1 /* WhyLearnProCollectionViewCell.h */ = {isa = PBXFileReference; lastKnownFileType = sourcecode.c.h; path = WhyLearnProCollectionViewCell.h; sourceTree = "<group>"; };
		CC227A01201208EE005949A1 /* WhyLearnProCollectionViewCell.m */ = {isa = PBXFileReference; lastKnownFileType = sourcecode.c.objc; path = WhyLearnProCollectionViewCell.m; sourceTree = "<group>"; };
		CC227A02201208EE005949A1 /* WhyLearnProCollectionViewCell.xib */ = {isa = PBXFileReference; lastKnownFileType = file.xib; path = WhyLearnProCollectionViewCell.xib; sourceTree = "<group>"; };
		CC227A0620120CCC005949A1 /* BeFreeCollectionViewCell.h */ = {isa = PBXFileReference; lastKnownFileType = sourcecode.c.h; path = BeFreeCollectionViewCell.h; sourceTree = "<group>"; };
		CC227A0720120CCC005949A1 /* BeFreeCollectionViewCell.m */ = {isa = PBXFileReference; lastKnownFileType = sourcecode.c.objc; path = BeFreeCollectionViewCell.m; sourceTree = "<group>"; };
		CC227A0820120CCC005949A1 /* BeFreeCollectionViewCell.xib */ = {isa = PBXFileReference; lastKnownFileType = file.xib; path = BeFreeCollectionViewCell.xib; sourceTree = "<group>"; };
		CC227A0C20120CEF005949A1 /* SubectsCollectionViewCell.h */ = {isa = PBXFileReference; lastKnownFileType = sourcecode.c.h; path = SubectsCollectionViewCell.h; sourceTree = "<group>"; };
		CC227A0D20120CEF005949A1 /* SubectsCollectionViewCell.m */ = {isa = PBXFileReference; lastKnownFileType = sourcecode.c.objc; path = SubectsCollectionViewCell.m; sourceTree = "<group>"; };
		CC227A0E20120CEF005949A1 /* SubectsCollectionViewCell.xib */ = {isa = PBXFileReference; lastKnownFileType = file.xib; path = SubectsCollectionViewCell.xib; sourceTree = "<group>"; };
		CC227A1220177655005949A1 /* BFdata.json */ = {isa = PBXFileReference; fileEncoding = 4; lastKnownFileType = text.json; name = BFdata.json; path = LearnPro/BFdata.json; sourceTree = SOURCE_ROOT; };
		CC227A142017765A005949A1 /* WLPdata.json */ = {isa = PBXFileReference; fileEncoding = 4; lastKnownFileType = text.json; name = WLPdata.json; path = LearnPro/WLPdata.json; sourceTree = SOURCE_ROOT; };
		CC26BA8B20232D7400901CC9 /* LeftView.h */ = {isa = PBXFileReference; lastKnownFileType = sourcecode.c.h; path = LeftView.h; sourceTree = "<group>"; };
		CC26BA8C20232D7400901CC9 /* LeftView.m */ = {isa = PBXFileReference; lastKnownFileType = sourcecode.c.objc; path = LeftView.m; sourceTree = "<group>"; };
		CC26BA8E20232D9200901CC9 /* RightView.h */ = {isa = PBXFileReference; lastKnownFileType = sourcecode.c.h; path = RightView.h; sourceTree = "<group>"; };
		CC26BA8F20232D9200901CC9 /* RightView.m */ = {isa = PBXFileReference; lastKnownFileType = sourcecode.c.objc; path = RightView.m; sourceTree = "<group>"; };
		CC26BA9220232E2300901CC9 /* Base */ = {isa = PBXFileReference; lastKnownFileType = file.storyboard; name = Base; path = Base.lproj/MenuSide.storyboard; sourceTree = "<group>"; };
		CC26BA95202478D600901CC9 /* Base */ = {isa = PBXFileReference; lastKnownFileType = file.storyboard; name = Base; path = Base.lproj/Lessons.storyboard; sourceTree = "<group>"; };
		CC26BAA220247BB400901CC9 /* LessonsViewController.h */ = {isa = PBXFileReference; lastKnownFileType = sourcecode.c.h; path = LessonsViewController.h; sourceTree = "<group>"; };
		CC26BAA320247BB400901CC9 /* LessonsViewController.m */ = {isa = PBXFileReference; lastKnownFileType = sourcecode.c.objc; path = LessonsViewController.m; sourceTree = "<group>"; };
		CC26BAA62024892E00901CC9 /* ClassCollectionViewCell.h */ = {isa = PBXFileReference; lastKnownFileType = sourcecode.c.h; path = ClassCollectionViewCell.h; sourceTree = "<group>"; };
		CC26BAA72024892E00901CC9 /* ClassCollectionViewCell.m */ = {isa = PBXFileReference; lastKnownFileType = sourcecode.c.objc; path = ClassCollectionViewCell.m; sourceTree = "<group>"; };
		CC26BAA82024892E00901CC9 /* ClassCollectionViewCell.xib */ = {isa = PBXFileReference; lastKnownFileType = file.xib; path = ClassCollectionViewCell.xib; sourceTree = "<group>"; };
		CC26BAAF20248ECD00901CC9 /* ClassesViewController.h */ = {isa = PBXFileReference; lastKnownFileType = sourcecode.c.h; path = ClassesViewController.h; sourceTree = "<group>"; };
		CC26BAB020248ECD00901CC9 /* ClassesViewController.m */ = {isa = PBXFileReference; lastKnownFileType = sourcecode.c.objc; path = ClassesViewController.m; sourceTree = "<group>"; };
		CC26BAB32024D3E800901CC9 /* SubjectViewController.h */ = {isa = PBXFileReference; lastKnownFileType = sourcecode.c.h; path = SubjectViewController.h; sourceTree = "<group>"; };
		CC26BAB42024D3E800901CC9 /* SubjectViewController.m */ = {isa = PBXFileReference; lastKnownFileType = sourcecode.c.objc; path = SubjectViewController.m; sourceTree = "<group>"; };
		CC26BAB920259B7400901CC9 /* SubjectSecondPageCollectionViewCell.h */ = {isa = PBXFileReference; lastKnownFileType = sourcecode.c.h; path = SubjectSecondPageCollectionViewCell.h; sourceTree = "<group>"; };
		CC26BABA20259B7400901CC9 /* SubjectSecondPageCollectionViewCell.m */ = {isa = PBXFileReference; lastKnownFileType = sourcecode.c.objc; path = SubjectSecondPageCollectionViewCell.m; sourceTree = "<group>"; };
		CC26BABB20259B7400901CC9 /* SubjectSecondPageCollectionViewCell.xib */ = {isa = PBXFileReference; lastKnownFileType = file.xib; path = SubjectSecondPageCollectionViewCell.xib; sourceTree = "<group>"; };
		CC2FC6692028A0250006B727 /* WebServiceManager.m */ = {isa = PBXFileReference; fileEncoding = 4; lastKnownFileType = sourcecode.c.objc; path = WebServiceManager.m; sourceTree = "<group>"; };
		CC2FC66A2028A0250006B727 /* NSDictionary+UrlEncoding.m */ = {isa = PBXFileReference; fileEncoding = 4; lastKnownFileType = sourcecode.c.objc; path = "NSDictionary+UrlEncoding.m"; sourceTree = "<group>"; };
		CC2FC66B2028A0250006B727 /* JSON.m */ = {isa = PBXFileReference; fileEncoding = 4; lastKnownFileType = sourcecode.c.objc; path = JSON.m; sourceTree = "<group>"; };
		CC2FC66C2028A0250006B727 /* NSDictionary+UrlEncoding.h */ = {isa = PBXFileReference; fileEncoding = 4; lastKnownFileType = sourcecode.c.h; path = "NSDictionary+UrlEncoding.h"; sourceTree = "<group>"; };
		CC2FC66D2028A0250006B727 /* NSURLSession+Addition.m */ = {isa = PBXFileReference; fileEncoding = 4; lastKnownFileType = sourcecode.c.objc; path = "NSURLSession+Addition.m"; sourceTree = "<group>"; };
		CC2FC66E2028A0250006B727 /* JSON.h */ = {isa = PBXFileReference; fileEncoding = 4; lastKnownFileType = sourcecode.c.h; path = JSON.h; sourceTree = "<group>"; };
		CC2FC66F2028A0250006B727 /* NSURLSession+Addition.h */ = {isa = PBXFileReference; fileEncoding = 4; lastKnownFileType = sourcecode.c.h; path = "NSURLSession+Addition.h"; sourceTree = "<group>"; };
		CC2FC6702028A0250006B727 /* WebServiceManager.h */ = {isa = PBXFileReference; fileEncoding = 4; lastKnownFileType = sourcecode.c.h; path = WebServiceManager.h; sourceTree = "<group>"; };
		CC2FC6782028A0990006B727 /* MSGoogleTagManager.h */ = {isa = PBXFileReference; fileEncoding = 4; lastKnownFileType = sourcecode.c.h; path = MSGoogleTagManager.h; sourceTree = "<group>"; };
		CC2FC6792028A0990006B727 /* MSGoogleTagManager.m */ = {isa = PBXFileReference; fileEncoding = 4; lastKnownFileType = sourcecode.c.objc; path = MSGoogleTagManager.m; sourceTree = "<group>"; };
		CC2FC67B2028A0A80006B727 /* MSRequestToken.h */ = {isa = PBXFileReference; fileEncoding = 4; lastKnownFileType = sourcecode.c.h; path = MSRequestToken.h; sourceTree = "<group>"; };
		CC2FC67C2028A0A80006B727 /* MSApiRequest.h */ = {isa = PBXFileReference; fileEncoding = 4; lastKnownFileType = sourcecode.c.h; path = MSApiRequest.h; sourceTree = "<group>"; };
		CC2FC67D2028A0A80006B727 /* MSApiRequest.m */ = {isa = PBXFileReference; fileEncoding = 4; lastKnownFileType = sourcecode.c.objc; path = MSApiRequest.m; sourceTree = "<group>"; };
		CC2FC67E2028A0A80006B727 /* MSBaseRequest.m */ = {isa = PBXFileReference; fileEncoding = 4; lastKnownFileType = sourcecode.c.objc; path = MSBaseRequest.m; sourceTree = "<group>"; };
		CC2FC67F2028A0A80006B727 /* MSBaseRequest.h */ = {isa = PBXFileReference; fileEncoding = 4; lastKnownFileType = sourcecode.c.h; path = MSBaseRequest.h; sourceTree = "<group>"; };
		CC2FC6822028A0CA0006B727 /* MSApi.h */ = {isa = PBXFileReference; fileEncoding = 4; lastKnownFileType = sourcecode.c.h; path = MSApi.h; sourceTree = "<group>"; };
		CC2FC6882028A0CB0006B727 /* MSAPIConstants.m */ = {isa = PBXFileReference; fileEncoding = 4; lastKnownFileType = sourcecode.c.objc; path = MSAPIConstants.m; sourceTree = "<group>"; };
		CC2FC68F2028A0CC0006B727 /* MSAPIConstants.h */ = {isa = PBXFileReference; fileEncoding = 4; lastKnownFileType = sourcecode.c.h; path = MSAPIConstants.h; sourceTree = "<group>"; };
		CC2FC6952028A0CD0006B727 /* MSRequest.h */ = {isa = PBXFileReference; fileEncoding = 4; lastKnownFileType = sourcecode.c.h; path = MSRequest.h; sourceTree = "<group>"; };
		CC2FC6962028A0CD0006B727 /* MSRequest.m */ = {isa = PBXFileReference; fileEncoding = 4; lastKnownFileType = sourcecode.c.objc; path = MSRequest.m; sourceTree = "<group>"; };
		CC2FC6992028A0CE0006B727 /* MSApi.m */ = {isa = PBXFileReference; fileEncoding = 4; lastKnownFileType = sourcecode.c.objc; path = MSApi.m; sourceTree = "<group>"; };
		CC2FC6A72028A0F90006B727 /* Reachability.m */ = {isa = PBXFileReference; fileEncoding = 4; lastKnownFileType = sourcecode.c.objc; path = Reachability.m; sourceTree = "<group>"; };
		CC2FC6A82028A0F90006B727 /* Reachability.h */ = {isa = PBXFileReference; fileEncoding = 4; lastKnownFileType = sourcecode.c.h; path = Reachability.h; sourceTree = "<group>"; };
		CC2FC6AD2028A2160006B727 /* LPSubjectsApi.h */ = {isa = PBXFileReference; lastKnownFileType = sourcecode.c.h; path = LPSubjectsApi.h; sourceTree = "<group>"; };
		CC2FC6AE2028A2160006B727 /* LPSubjectsApi.m */ = {isa = PBXFileReference; lastKnownFileType = sourcecode.c.objc; path = LPSubjectsApi.m; sourceTree = "<group>"; };
		CC2FC6B12028A2BB0006B727 /* LPSubject.h */ = {isa = PBXFileReference; lastKnownFileType = sourcecode.c.h; path = LPSubject.h; sourceTree = "<group>"; };
		CC2FC6B22028A2BB0006B727 /* LPSubject.m */ = {isa = PBXFileReference; lastKnownFileType = sourcecode.c.objc; path = LPSubject.m; sourceTree = "<group>"; };
		CC2FC6B42028AED10006B727 /* MMDrawerBarButtonItem.m */ = {isa = PBXFileReference; fileEncoding = 4; lastKnownFileType = sourcecode.c.objc; path = MMDrawerBarButtonItem.m; sourceTree = "<group>"; };
		CC2FC6B52028AED20006B727 /* MMDrawerController.m */ = {isa = PBXFileReference; fileEncoding = 4; lastKnownFileType = sourcecode.c.objc; path = MMDrawerController.m; sourceTree = "<group>"; };
		CC2FC6B62028AED20006B727 /* MMDrawerController+Subclass.h */ = {isa = PBXFileReference; fileEncoding = 4; lastKnownFileType = sourcecode.c.h; path = "MMDrawerController+Subclass.h"; sourceTree = "<group>"; };
		CC2FC6B72028AED20006B727 /* MMDrawerVisualState.h */ = {isa = PBXFileReference; fileEncoding = 4; lastKnownFileType = sourcecode.c.h; path = MMDrawerVisualState.h; sourceTree = "<group>"; };
		CC2FC6B82028AED20006B727 /* MMDrawerVisualState.m */ = {isa = PBXFileReference; fileEncoding = 4; lastKnownFileType = sourcecode.c.objc; path = MMDrawerVisualState.m; sourceTree = "<group>"; };
		CC2FC6B92028AED20006B727 /* MMDrawerBarButtonItem.h */ = {isa = PBXFileReference; fileEncoding = 4; lastKnownFileType = sourcecode.c.h; path = MMDrawerBarButtonItem.h; sourceTree = "<group>"; };
		CC2FC6BA2028AED20006B727 /* UIViewController+MMDrawerController.m */ = {isa = PBXFileReference; fileEncoding = 4; lastKnownFileType = sourcecode.c.objc; path = "UIViewController+MMDrawerController.m"; sourceTree = "<group>"; };
		CC2FC6BB2028AED20006B727 /* UIViewController+MMDrawerController.h */ = {isa = PBXFileReference; fileEncoding = 4; lastKnownFileType = sourcecode.c.h; path = "UIViewController+MMDrawerController.h"; sourceTree = "<group>"; };
		CC2FC6BC2028AED20006B727 /* MMDrawerController.h */ = {isa = PBXFileReference; fileEncoding = 4; lastKnownFileType = sourcecode.c.h; path = MMDrawerController.h; sourceTree = "<group>"; };
		CC2FC6C12028B2580006B727 /* AFNetworking.xcworkspace */ = {isa = PBXFileReference; lastKnownFileType = wrapper.workspace; name = AFNetworking.xcworkspace; path = "../../../Downloads/AFNetworking-master/AFNetworking.xcworkspace"; sourceTree = "<group>"; };
		CC2FC6D82028B3D40006B727 /* LessonCollectionViewCell.h */ = {isa = PBXFileReference; fileEncoding = 4; lastKnownFileType = sourcecode.c.h; path = LessonCollectionViewCell.h; sourceTree = "<group>"; };
		CC2FC6D92028B3D40006B727 /* LessonCollectionViewCell.m */ = {isa = PBXFileReference; fileEncoding = 4; lastKnownFileType = sourcecode.c.objc; path = LessonCollectionViewCell.m; sourceTree = "<group>"; };
		CC2FC6DA2028B3D40006B727 /* LessonCollectionViewCell.xib */ = {isa = PBXFileReference; fileEncoding = 4; lastKnownFileType = file.xib; path = LessonCollectionViewCell.xib; sourceTree = "<group>"; };
		CC2FC73F202CA9A80006B727 /* LogRegViewController.h */ = {isa = PBXFileReference; lastKnownFileType = sourcecode.c.h; path = LogRegViewController.h; sourceTree = "<group>"; };
		CC2FC740202CA9A80006B727 /* LogRegViewController.m */ = {isa = PBXFileReference; lastKnownFileType = sourcecode.c.objc; path = LogRegViewController.m; sourceTree = "<group>"; };
		CC6B112B1FCC2C8B00F518AB /* LearnPro.app */ = {isa = PBXFileReference; explicitFileType = wrapper.application; includeInIndex = 0; path = LearnPro.app; sourceTree = BUILT_PRODUCTS_DIR; };
		CC6B112E1FCC2C8B00F518AB /* AppDelegate.h */ = {isa = PBXFileReference; lastKnownFileType = sourcecode.c.h; path = AppDelegate.h; sourceTree = "<group>"; };
		CC6B112F1FCC2C8B00F518AB /* AppDelegate.m */ = {isa = PBXFileReference; lastKnownFileType = sourcecode.c.objc; path = AppDelegate.m; sourceTree = "<group>"; };
		CC6B11351FCC2C8B00F518AB /* Base */ = {isa = PBXFileReference; lastKnownFileType = file.storyboard; name = Base; path = Base.lproj/Main.storyboard; sourceTree = "<group>"; };
		CC6B11381FCC2C8B00F518AB /* LearnPro.xcdatamodel */ = {isa = PBXFileReference; lastKnownFileType = wrapper.xcdatamodel; path = LearnPro.xcdatamodel; sourceTree = "<group>"; };
		CC6B113A1FCC2C8B00F518AB /* Assets.xcassets */ = {isa = PBXFileReference; lastKnownFileType = folder.assetcatalog; path = Assets.xcassets; sourceTree = "<group>"; };
		CC6B113D1FCC2C8B00F518AB /* Base */ = {isa = PBXFileReference; lastKnownFileType = file.storyboard; name = Base; path = Base.lproj/LaunchScreen.storyboard; sourceTree = "<group>"; };
		CC6B113F1FCC2C8B00F518AB /* Info.plist */ = {isa = PBXFileReference; lastKnownFileType = text.plist.xml; path = Info.plist; sourceTree = "<group>"; };
		CC6B11401FCC2C8B00F518AB /* main.m */ = {isa = PBXFileReference; lastKnownFileType = sourcecode.c.objc; path = main.m; sourceTree = "<group>"; };
		CC6B11461FCC2C8B00F518AB /* LearnProTests.xctest */ = {isa = PBXFileReference; explicitFileType = wrapper.cfbundle; includeInIndex = 0; path = LearnProTests.xctest; sourceTree = BUILT_PRODUCTS_DIR; };
		CC6B114A1FCC2C8B00F518AB /* LearnProTests.m */ = {isa = PBXFileReference; lastKnownFileType = sourcecode.c.objc; path = LearnProTests.m; sourceTree = "<group>"; };
		CC6B114C1FCC2C8B00F518AB /* Info.plist */ = {isa = PBXFileReference; lastKnownFileType = text.plist.xml; path = Info.plist; sourceTree = "<group>"; };
		CC6B11511FCC2C8B00F518AB /* LearnProUITests.xctest */ = {isa = PBXFileReference; explicitFileType = wrapper.cfbundle; includeInIndex = 0; path = LearnProUITests.xctest; sourceTree = BUILT_PRODUCTS_DIR; };
		CC6B11551FCC2C8B00F518AB /* LearnProUITests.m */ = {isa = PBXFileReference; lastKnownFileType = sourcecode.c.objc; path = LearnProUITests.m; sourceTree = "<group>"; };
		CC6B11571FCC2C8B00F518AB /* Info.plist */ = {isa = PBXFileReference; lastKnownFileType = text.plist.xml; path = Info.plist; sourceTree = "<group>"; };
		CC6B116B1FCC3F3F00F518AB /* AboutUsViewController.h */ = {isa = PBXFileReference; lastKnownFileType = sourcecode.c.h; path = AboutUsViewController.h; sourceTree = "<group>"; };
		CC6B116C1FCC3F3F00F518AB /* AboutUsViewController.m */ = {isa = PBXFileReference; lastKnownFileType = sourcecode.c.objc; path = AboutUsViewController.m; sourceTree = "<group>"; };
		CC6B116E1FCC3F5400F518AB /* ContactUsViewController.h */ = {isa = PBXFileReference; lastKnownFileType = sourcecode.c.h; path = ContactUsViewController.h; sourceTree = "<group>"; };
		CC6B116F1FCC3F5400F518AB /* ContactUsViewController.m */ = {isa = PBXFileReference; lastKnownFileType = sourcecode.c.objc; path = ContactUsViewController.m; sourceTree = "<group>"; };
		CC6B11711FCC3F6B00F518AB /* DemoViewController.h */ = {isa = PBXFileReference; lastKnownFileType = sourcecode.c.h; path = DemoViewController.h; sourceTree = "<group>"; };
		CC6B11721FCC3F6B00F518AB /* DemoViewController.m */ = {isa = PBXFileReference; lastKnownFileType = sourcecode.c.objc; path = DemoViewController.m; sourceTree = "<group>"; };
		CC6B11741FCC3F7E00F518AB /* NewsViewController.h */ = {isa = PBXFileReference; lastKnownFileType = sourcecode.c.h; path = NewsViewController.h; sourceTree = "<group>"; };
		CC6B11751FCC3F7E00F518AB /* NewsViewController.m */ = {isa = PBXFileReference; lastKnownFileType = sourcecode.c.objc; path = NewsViewController.m; sourceTree = "<group>"; };
		CC6EF43D1FD5426C00C81EED /* TabBarViewController.h */ = {isa = PBXFileReference; lastKnownFileType = sourcecode.c.h; path = TabBarViewController.h; sourceTree = "<group>"; };
		CC6EF43E1FD5426C00C81EED /* TabBarViewController.m */ = {isa = PBXFileReference; lastKnownFileType = sourcecode.c.objc; path = TabBarViewController.m; sourceTree = "<group>"; };
		CC7BB6EE1FD87DC300348625 /* NewsCollectionViewCell.h */ = {isa = PBXFileReference; lastKnownFileType = sourcecode.c.h; path = NewsCollectionViewCell.h; sourceTree = "<group>"; };
		CC7BB6EF1FD87DC300348625 /* NewsCollectionViewCell.m */ = {isa = PBXFileReference; lastKnownFileType = sourcecode.c.objc; path = NewsCollectionViewCell.m; sourceTree = "<group>"; };
		CC7BB6F01FD87DC300348625 /* NewsCollectionViewCell.xib */ = {isa = PBXFileReference; lastKnownFileType = file.xib; path = NewsCollectionViewCell.xib; sourceTree = "<group>"; };
		CC7CB4CB1FF052A600A21748 /* LogInViewController.h */ = {isa = PBXFileReference; lastKnownFileType = sourcecode.c.h; path = LogInViewController.h; sourceTree = "<group>"; };
		CC7CB4CC1FF052A600A21748 /* LogInViewController.m */ = {isa = PBXFileReference; lastKnownFileType = sourcecode.c.objc; path = LogInViewController.m; sourceTree = "<group>"; };
		CC7CB4D01FF052CF00A21748 /* RegisterViewController.h */ = {isa = PBXFileReference; lastKnownFileType = sourcecode.c.h; path = RegisterViewController.h; sourceTree = "<group>"; };
		CC7CB4D11FF052CF00A21748 /* RegisterViewController.m */ = {isa = PBXFileReference; lastKnownFileType = sourcecode.c.objc; path = RegisterViewController.m; sourceTree = "<group>"; };
		CCF4CBB02034CAC400E98D11 /* InfoViewController.h */ = {isa = PBXFileReference; lastKnownFileType = sourcecode.c.h; path = InfoViewController.h; sourceTree = "<group>"; };
		CCF4CBB12034CAC400E98D11 /* InfoViewController.m */ = {isa = PBXFileReference; lastKnownFileType = sourcecode.c.objc; path = InfoViewController.m; sourceTree = "<group>"; };
		CCFF4AB4200545BA008832EA /* NSString+EmailValidation.m */ = {isa = PBXFileReference; fileEncoding = 4; lastKnownFileType = sourcecode.c.objc; name = "NSString+EmailValidation.m"; path = "LearnPro/NSString+EmailValidation.m"; sourceTree = SOURCE_ROOT; };
		CCFF4AB5200545BA008832EA /* NSString+EmailValidation.h */ = {isa = PBXFileReference; fileEncoding = 4; lastKnownFileType = sourcecode.c.h; name = "NSString+EmailValidation.h"; path = "LearnPro/NSString+EmailValidation.h"; sourceTree = SOURCE_ROOT; };
		CCFF4ABA2009EF9F008832EA /* SubviewViewController.h */ = {isa = PBXFileReference; lastKnownFileType = sourcecode.c.h; path = SubviewViewController.h; sourceTree = "<group>"; };
		CCFF4ABB2009EF9F008832EA /* SubviewViewController.m */ = {isa = PBXFileReference; lastKnownFileType = sourcecode.c.objc; path = SubviewViewController.m; sourceTree = "<group>"; };
		CCFF4ABC2009EF9F008832EA /* SubviewViewController.xib */ = {isa = PBXFileReference; lastKnownFileType = file.xib; path = SubviewViewController.xib; sourceTree = "<group>"; };
/* End PBXFileReference section */

/* Begin PBXFrameworksBuildPhase section */
		CC6B11281FCC2C8B00F518AB /* Frameworks */ = {
			isa = PBXFrameworksBuildPhase;
			buildActionMask = 2147483647;
			files = (
				CC12E42F1FCD347200DFCC0E /* MapKit.framework in Frameworks */,
			);
			runOnlyForDeploymentPostprocessing = 0;
		};
		CC6B11431FCC2C8B00F518AB /* Frameworks */ = {
			isa = PBXFrameworksBuildPhase;
			buildActionMask = 2147483647;
			files = (
			);
			runOnlyForDeploymentPostprocessing = 0;
		};
		CC6B114E1FCC2C8B00F518AB /* Frameworks */ = {
			isa = PBXFrameworksBuildPhase;
			buildActionMask = 2147483647;
			files = (
			);
			runOnlyForDeploymentPostprocessing = 0;
		};
/* End PBXFrameworksBuildPhase section */

/* Begin PBXGroup section */
		CC0F9C09203F53100070600D /* AFNetworking */ = {
			isa = PBXGroup;
			children = (
				CC0F9C0A203F53100070600D /* AFHTTPSessionManager.h */,
				CC0F9C0B203F53100070600D /* AFHTTPSessionManager.m */,
				CC0F9C0C203F53100070600D /* AFNetworking.h */,
				CC0F9C0D203F53100070600D /* AFNetworkReachabilityManager.h */,
				CC0F9C0E203F53100070600D /* AFNetworkReachabilityManager.m */,
				CC0F9C0F203F53100070600D /* AFSecurityPolicy.h */,
				CC0F9C10203F53100070600D /* AFSecurityPolicy.m */,
				CC0F9C11203F53100070600D /* AFURLRequestSerialization.h */,
				CC0F9C12203F53100070600D /* AFURLRequestSerialization.m */,
				CC0F9C13203F53100070600D /* AFURLResponseSerialization.h */,
				CC0F9C14203F53100070600D /* AFURLResponseSerialization.m */,
				CC0F9C15203F53100070600D /* AFURLSessionManager.h */,
				CC0F9C16203F53100070600D /* AFURLSessionManager.m */,
			);
			name = AFNetworking;
			path = ../../../../Downloads/AFNetworking;
			sourceTree = "<group>";
		};
		CC12E42D1FCD346C00DFCC0E /* Frameworks */ = {
			isa = PBXGroup;
			children = (
				CC2FC6C12028B2580006B727 /* AFNetworking.xcworkspace */,
				CC12E4301FCD348100DFCC0E /* CallKit.framework */,
				CC12E42E1FCD346C00DFCC0E /* MapKit.framework */,
			);
			name = Frameworks;
			sourceTree = "<group>";
		};
		CC22796C200FA42C005949A1 /* DemoCollectionViewCell */ = {
			isa = PBXGroup;
			children = (
				CC227967200FA425005949A1 /* DemoCollectionViewCell.h */,
				CC227968200FA425005949A1 /* DemoCollectionViewCell.m */,
				CC227969200FA425005949A1 /* DemoCollectionViewCell.xib */,
			);
			path = DemoCollectionViewCell;
			sourceTree = "<group>";
		};
		CC227970200FB248005949A1 /* DemoCellInfoViewController */ = {
			isa = PBXGroup;
			children = (
				CC22796D200FB243005949A1 /* DemoCellInfoViewController.h */,
				CC22796E200FB243005949A1 /* DemoCellInfoViewController.m */,
			);
			name = DemoCellInfoViewController;
			path = "New Group";
			sourceTree = "<group>";
		};
		CC227974200FC775005949A1 /* NewsCellInfoViewController */ = {
			isa = PBXGroup;
			children = (
				CC227971200FC76D005949A1 /* NewsCellInfoViewController.h */,
				CC227972200FC76D005949A1 /* NewsCellInfoViewController.m */,
			);
			path = NewsCellInfoViewController;
			sourceTree = "<group>";
		};
		CC2279FA20120822005949A1 /* AboutUsViewController */ = {
			isa = PBXGroup;
			children = (
				CC6B116B1FCC3F3F00F518AB /* AboutUsViewController.h */,
				CC6B116C1FCC3F3F00F518AB /* AboutUsViewController.m */,
			);
			name = AboutUsViewController;
			path = "New Group";
			sourceTree = "<group>";
		};
		CC2279FB2012082C005949A1 /* ContactUsViewController */ = {
			isa = PBXGroup;
			children = (
				CC6B116E1FCC3F5400F518AB /* ContactUsViewController.h */,
				CC6B116F1FCC3F5400F518AB /* ContactUsViewController.m */,
			);
			name = ContactUsViewController;
			path = "New Group1";
			sourceTree = "<group>";
		};
		CC2279FC2012083B005949A1 /* HomeTableViewController */ = {
			isa = PBXGroup;
			children = (
				CC26BAB22024D3AF00901CC9 /* Subject */,
				CC26BAA5202488F700901CC9 /* Classes */,
				CC26BAA120247B5A00901CC9 /* Lessons */,
				CC227A1220177655005949A1 /* BFdata.json */,
				CC227A142017765A005949A1 /* WLPdata.json */,
				CC227A05201208F3005949A1 /* WhyLearnProCollectionViewCell */,
				CC227A0B20120CD5005949A1 /* BeFreeCollectionViewCell */,
				CC227A1120120CF3005949A1 /* SubectsCollectionViewCell */,
				CC2279FD2012085F005949A1 /* HomeTableViewController.h */,
				CC2279FE2012085F005949A1 /* HomeTableViewController.m */,
			);
			path = HomeTableViewController;
			sourceTree = "<group>";
		};
		CC227A05201208F3005949A1 /* WhyLearnProCollectionViewCell */ = {
			isa = PBXGroup;
			children = (
				CC227A00201208EE005949A1 /* WhyLearnProCollectionViewCell.h */,
				CC227A01201208EE005949A1 /* WhyLearnProCollectionViewCell.m */,
				CC227A02201208EE005949A1 /* WhyLearnProCollectionViewCell.xib */,
			);
			path = WhyLearnProCollectionViewCell;
			sourceTree = "<group>";
		};
		CC227A0B20120CD5005949A1 /* BeFreeCollectionViewCell */ = {
			isa = PBXGroup;
			children = (
				CC227A0620120CCC005949A1 /* BeFreeCollectionViewCell.h */,
				CC227A0720120CCC005949A1 /* BeFreeCollectionViewCell.m */,
				CC227A0820120CCC005949A1 /* BeFreeCollectionViewCell.xib */,
			);
			path = BeFreeCollectionViewCell;
			sourceTree = "<group>";
		};
		CC227A1120120CF3005949A1 /* SubectsCollectionViewCell */ = {
			isa = PBXGroup;
			children = (
				CC227A0C20120CEF005949A1 /* SubectsCollectionViewCell.h */,
				CC227A0D20120CEF005949A1 /* SubectsCollectionViewCell.m */,
				CC227A0E20120CEF005949A1 /* SubectsCollectionViewCell.xib */,
			);
			path = SubectsCollectionViewCell;
			sourceTree = "<group>";
		};
		CC26BA5F202322D100901CC9 /* LeftViewController */ = {
			isa = PBXGroup;
			children = (
				CC26BA8B20232D7400901CC9 /* LeftView.h */,
				CC26BA8C20232D7400901CC9 /* LeftView.m */,
			);
			path = LeftViewController;
			sourceTree = "<group>";
		};
		CC26BA63202322F800901CC9 /* RightViewController */ = {
			isa = PBXGroup;
			children = (
				CC0F9C06203C87470070600D /* MenuData.json */,
				CC26BA8E20232D9200901CC9 /* RightView.h */,
				CC26BA8F20232D9200901CC9 /* RightView.m */,
				CCF4CBB02034CAC400E98D11 /* InfoViewController.h */,
				CCF4CBB12034CAC400E98D11 /* InfoViewController.m */,
			);
			path = RightViewController;
			sourceTree = "<group>";
		};
		CC26BA642023235500901CC9 /* MMDrawer */ = {
			isa = PBXGroup;
			children = (
				CC2FC6B92028AED20006B727 /* MMDrawerBarButtonItem.h */,
				CC2FC6B42028AED10006B727 /* MMDrawerBarButtonItem.m */,
				CC2FC6BC2028AED20006B727 /* MMDrawerController.h */,
				CC2FC6B52028AED20006B727 /* MMDrawerController.m */,
				CC2FC6B62028AED20006B727 /* MMDrawerController+Subclass.h */,
				CC2FC6B72028AED20006B727 /* MMDrawerVisualState.h */,
				CC2FC6B82028AED20006B727 /* MMDrawerVisualState.m */,
				CC2FC6BB2028AED20006B727 /* UIViewController+MMDrawerController.h */,
				CC2FC6BA2028AED20006B727 /* UIViewController+MMDrawerController.m */,
			);
			path = MMDrawer;
			sourceTree = "<group>";
		};
		CC26BAA120247B5A00901CC9 /* Lessons */ = {
			isa = PBXGroup;
			children = (
				CC2FC6D72028B3D40006B727 /* LessonCollectionViewCell */,
				CC26BAA220247BB400901CC9 /* LessonsViewController.h */,
				CC26BAA320247BB400901CC9 /* LessonsViewController.m */,
			);
			path = Lessons;
			sourceTree = "<group>";
		};
		CC26BAA5202488F700901CC9 /* Classes */ = {
			isa = PBXGroup;
			children = (
				CC26BAAB2024893400901CC9 /* ClassCollectionViewCell */,
				CC26BAAF20248ECD00901CC9 /* ClassesViewController.h */,
				CC26BAB020248ECD00901CC9 /* ClassesViewController.m */,
			);
			path = Classes;
			sourceTree = "<group>";
		};
		CC26BAAB2024893400901CC9 /* ClassCollectionViewCell */ = {
			isa = PBXGroup;
			children = (
				CC26BAA62024892E00901CC9 /* ClassCollectionViewCell.h */,
				CC26BAA72024892E00901CC9 /* ClassCollectionViewCell.m */,
				CC26BAA82024892E00901CC9 /* ClassCollectionViewCell.xib */,
			);
			path = ClassCollectionViewCell;
			sourceTree = "<group>";
		};
		CC26BAB22024D3AF00901CC9 /* Subject */ = {
			isa = PBXGroup;
			children = (
				CC26BABE20259B7B00901CC9 /* SubjectSecondPageCollectionViewCell */,
				CC26BAB32024D3E800901CC9 /* SubjectViewController.h */,
				CC26BAB42024D3E800901CC9 /* SubjectViewController.m */,
			);
			path = Subject;
			sourceTree = "<group>";
		};
		CC26BABE20259B7B00901CC9 /* SubjectSecondPageCollectionViewCell */ = {
			isa = PBXGroup;
			children = (
				CC26BAB920259B7400901CC9 /* SubjectSecondPageCollectionViewCell.h */,
				CC26BABA20259B7400901CC9 /* SubjectSecondPageCollectionViewCell.m */,
				CC26BABB20259B7400901CC9 /* SubjectSecondPageCollectionViewCell.xib */,
			);
			path = SubjectSecondPageCollectionViewCell;
			sourceTree = "<group>";
		};
		CC2FC66720289FC30006B727 /* Models */ = {
			isa = PBXGroup;
			children = (
				CC2FC6B02028A2990006B727 /* LPSubjects */,
				CC2FC6A62028A0E40006B727 /* Reachability */,
				CC2FC6772028A0820006B727 /* GoogleTagManager */,
				CC2FC66820289FF70006B727 /* PostServiceManagers */,
				CC2FC6752028A0310006B727 /* API */,
			);
			path = Models;
			sourceTree = "<group>";
		};
		CC2FC66820289FF70006B727 /* PostServiceManagers */ = {
			isa = PBXGroup;
			children = (
				CC2FC66E2028A0250006B727 /* JSON.h */,
				CC2FC66B2028A0250006B727 /* JSON.m */,
				CC2FC66C2028A0250006B727 /* NSDictionary+UrlEncoding.h */,
				CC2FC66A2028A0250006B727 /* NSDictionary+UrlEncoding.m */,
				CC2FC66F2028A0250006B727 /* NSURLSession+Addition.h */,
				CC2FC66D2028A0250006B727 /* NSURLSession+Addition.m */,
				CC2FC6702028A0250006B727 /* WebServiceManager.h */,
				CC2FC6692028A0250006B727 /* WebServiceManager.m */,
			);
			path = PostServiceManagers;
			sourceTree = "<group>";
		};
		CC2FC6752028A0310006B727 /* API */ = {
			isa = PBXGroup;
			children = (
				CC2FC6822028A0CA0006B727 /* MSApi.h */,
				CC2FC6992028A0CE0006B727 /* MSApi.m */,
				CC2FC68F2028A0CC0006B727 /* MSAPIConstants.h */,
				CC2FC6882028A0CB0006B727 /* MSAPIConstants.m */,
				CC2FC6AD2028A2160006B727 /* LPSubjectsApi.h */,
				CC2FC6AE2028A2160006B727 /* LPSubjectsApi.m */,
				CC2FC6952028A0CD0006B727 /* MSRequest.h */,
				CC2FC6962028A0CD0006B727 /* MSRequest.m */,
				CC2FC6762028A0440006B727 /* API Connector */,
			);
			path = API;
			sourceTree = "<group>";
		};
		CC2FC6762028A0440006B727 /* API Connector */ = {
			isa = PBXGroup;
			children = (
				CC2FC67C2028A0A80006B727 /* MSApiRequest.h */,
				CC2FC67D2028A0A80006B727 /* MSApiRequest.m */,
				CC2FC67F2028A0A80006B727 /* MSBaseRequest.h */,
				CC2FC67E2028A0A80006B727 /* MSBaseRequest.m */,
				CC2FC67B2028A0A80006B727 /* MSRequestToken.h */,
			);
			path = "API Connector";
			sourceTree = "<group>";
		};
		CC2FC6772028A0820006B727 /* GoogleTagManager */ = {
			isa = PBXGroup;
			children = (
				CC2FC6782028A0990006B727 /* MSGoogleTagManager.h */,
				CC2FC6792028A0990006B727 /* MSGoogleTagManager.m */,
			);
			path = GoogleTagManager;
			sourceTree = "<group>";
		};
		CC2FC6A62028A0E40006B727 /* Reachability */ = {
			isa = PBXGroup;
			children = (
				CC2FC6A82028A0F90006B727 /* Reachability.h */,
				CC2FC6A72028A0F90006B727 /* Reachability.m */,
			);
			path = Reachability;
			sourceTree = "<group>";
		};
		CC2FC6B02028A2990006B727 /* LPSubjects */ = {
			isa = PBXGroup;
			children = (
				CC2FC6B12028A2BB0006B727 /* LPSubject.h */,
				CC2FC6B22028A2BB0006B727 /* LPSubject.m */,
			);
			path = LPSubjects;
			sourceTree = "<group>";
		};
		CC2FC6D72028B3D40006B727 /* LessonCollectionViewCell */ = {
			isa = PBXGroup;
			children = (
				CC2FC6D82028B3D40006B727 /* LessonCollectionViewCell.h */,
				CC2FC6D92028B3D40006B727 /* LessonCollectionViewCell.m */,
				CC2FC6DA2028B3D40006B727 /* LessonCollectionViewCell.xib */,
			);
			name = LessonCollectionViewCell;
			path = LearnPro/UI/TabBar/HomeTableViewController/LessonCollectionViewCell;
			sourceTree = SOURCE_ROOT;
		};
		CC6B11221FCC2C8B00F518AB = {
			isa = PBXGroup;
			children = (
				CC6B112D1FCC2C8B00F518AB /* LearnPro */,
				CC6B11491FCC2C8B00F518AB /* LearnProTests */,
				CC6B11541FCC2C8B00F518AB /* LearnProUITests */,
				CC6B112C1FCC2C8B00F518AB /* Products */,
				CC12E42D1FCD346C00DFCC0E /* Frameworks */,
			);
			sourceTree = "<group>";
		};
		CC6B112C1FCC2C8B00F518AB /* Products */ = {
			isa = PBXGroup;
			children = (
				CC6B112B1FCC2C8B00F518AB /* LearnPro.app */,
				CC6B11461FCC2C8B00F518AB /* LearnProTests.xctest */,
				CC6B11511FCC2C8B00F518AB /* LearnProUITests.xctest */,
			);
			name = Products;
			sourceTree = "<group>";
		};
		CC6B112D1FCC2C8B00F518AB /* LearnPro */ = {
			isa = PBXGroup;
			children = (
				CC0F9C09203F53100070600D /* AFNetworking */,
				CC6B11771FCC3F8C00F518AB /* LearnProCore */,
				CC2FC66720289FC30006B727 /* Models */,
				CC6B11781FCC3F9600F518AB /* UI */,
				CC6B112E1FCC2C8B00F518AB /* AppDelegate.h */,
				CC6B112F1FCC2C8B00F518AB /* AppDelegate.m */,
				CC6B11341FCC2C8B00F518AB /* Main.storyboard */,
				CC26BA9120232E2300901CC9 /* MenuSide.storyboard */,
				CC26BA94202478D600901CC9 /* Lessons.storyboard */,
				CC6B113A1FCC2C8B00F518AB /* Assets.xcassets */,
				CC6B113C1FCC2C8B00F518AB /* LaunchScreen.storyboard */,
				CC6B113F1FCC2C8B00F518AB /* Info.plist */,
				CC6B11401FCC2C8B00F518AB /* main.m */,
				CC6B11371FCC2C8B00F518AB /* LearnPro.xcdatamodeld */,
			);
			path = LearnPro;
			sourceTree = "<group>";
		};
		CC6B11491FCC2C8B00F518AB /* LearnProTests */ = {
			isa = PBXGroup;
			children = (
				CC6B114A1FCC2C8B00F518AB /* LearnProTests.m */,
				CC6B114C1FCC2C8B00F518AB /* Info.plist */,
			);
			path = LearnProTests;
			sourceTree = "<group>";
		};
		CC6B11541FCC2C8B00F518AB /* LearnProUITests */ = {
			isa = PBXGroup;
			children = (
				CC6B11551FCC2C8B00F518AB /* LearnProUITests.m */,
				CC6B11571FCC2C8B00F518AB /* Info.plist */,
			);
			path = LearnProUITests;
			sourceTree = "<group>";
		};
		CC6B11671FCC3F0C00F518AB /* TabBar */ = {
			isa = PBXGroup;
			children = (
				CC2279FC2012083B005949A1 /* HomeTableViewController */,
				CC2279FB2012082C005949A1 /* ContactUsViewController */,
				CC2279FA20120822005949A1 /* AboutUsViewController */,
				CC7BB6E31FD87ACA00348625 /* Demo */,
				CC7BB6E81FD87D6100348625 /* News */,
				CC6EF43D1FD5426C00C81EED /* TabBarViewController.h */,
				CC6EF43E1FD5426C00C81EED /* TabBarViewController.m */,
				CCFF4ABF2009EFAA008832EA /* SubviewViewController */,
			);
			path = TabBar;
			sourceTree = "<group>";
		};
		CC6B11771FCC3F8C00F518AB /* LearnProCore */ = {
			isa = PBXGroup;
			children = (
				CCFF4AB5200545BA008832EA /* NSString+EmailValidation.h */,
				CCFF4AB4200545BA008832EA /* NSString+EmailValidation.m */,
				CC227958200A97E3005949A1 /* MSNavigationController.h */,
				CC227959200A97E3005949A1 /* MSNavigationController.m */,
				CC22795B200A981C005949A1 /* UIViewController+MSExtensions.h */,
				CC22795C200A981C005949A1 /* UIViewController+MSExtensions.m */,
				CC22795E200A9859005949A1 /* UIColor+MSAdditions.h */,
				CC22795F200A9859005949A1 /* UIColor+MSAdditions.m */,
			);
			path = LearnProCore;
			sourceTree = "<group>";
		};
		CC6B11781FCC3F9600F518AB /* UI */ = {
			isa = PBXGroup;
			children = (
				CC26BA642023235500901CC9 /* MMDrawer */,
				CC26BA63202322F800901CC9 /* RightViewController */,
				CC26BA5F202322D100901CC9 /* LeftViewController */,
				CC7CB4CF1FF052BD00A21748 /* RegisterViewController */,
				CC7CB4CE1FF052AE00A21748 /* LogInViewController */,
				CC6B11671FCC3F0C00F518AB /* TabBar */,
				CC2FC73F202CA9A80006B727 /* LogRegViewController.h */,
				CC2FC740202CA9A80006B727 /* LogRegViewController.m */,
			);
			path = UI;
			sourceTree = "<group>";
		};
		CC7BB6E31FD87ACA00348625 /* Demo */ = {
			isa = PBXGroup;
			children = (
				CC6B11711FCC3F6B00F518AB /* DemoViewController.h */,
				CC6B11721FCC3F6B00F518AB /* DemoViewController.m */,
				CC227970200FB248005949A1 /* DemoCellInfoViewController */,
				CC22796C200FA42C005949A1 /* DemoCollectionViewCell */,
			);
			path = Demo;
			sourceTree = "<group>";
		};
		CC7BB6E81FD87D6100348625 /* News */ = {
			isa = PBXGroup;
			children = (
				CC227974200FC775005949A1 /* NewsCellInfoViewController */,
				CC7BB6E91FD87D7300348625 /* NewsCollectionViewCell */,
				CC6B11741FCC3F7E00F518AB /* NewsViewController.h */,
				CC6B11751FCC3F7E00F518AB /* NewsViewController.m */,
			);
			path = News;
			sourceTree = "<group>";
		};
		CC7BB6E91FD87D7300348625 /* NewsCollectionViewCell */ = {
			isa = PBXGroup;
			children = (
				CC7BB6EE1FD87DC300348625 /* NewsCollectionViewCell.h */,
				CC7BB6EF1FD87DC300348625 /* NewsCollectionViewCell.m */,
				CC7BB6F01FD87DC300348625 /* NewsCollectionViewCell.xib */,
			);
			path = NewsCollectionViewCell;
			sourceTree = "<group>";
		};
		CC7CB4CE1FF052AE00A21748 /* LogInViewController */ = {
			isa = PBXGroup;
			children = (
				CC7CB4CB1FF052A600A21748 /* LogInViewController.h */,
				CC7CB4CC1FF052A600A21748 /* LogInViewController.m */,
			);
			name = LogInViewController;
			path = "New Group";
			sourceTree = "<group>";
		};
		CC7CB4CF1FF052BD00A21748 /* RegisterViewController */ = {
			isa = PBXGroup;
			children = (
				CC7CB4D01FF052CF00A21748 /* RegisterViewController.h */,
				CC7CB4D11FF052CF00A21748 /* RegisterViewController.m */,
			);
			path = RegisterViewController;
			sourceTree = "<group>";
		};
		CCFF4ABF2009EFAA008832EA /* SubviewViewController */ = {
			isa = PBXGroup;
			children = (
				CCFF4ABA2009EF9F008832EA /* SubviewViewController.h */,
				CCFF4ABB2009EF9F008832EA /* SubviewViewController.m */,
				CCFF4ABC2009EF9F008832EA /* SubviewViewController.xib */,
			);
			path = SubviewViewController;
			sourceTree = "<group>";
		};
/* End PBXGroup section */

/* Begin PBXNativeTarget section */
		CC6B112A1FCC2C8B00F518AB /* LearnPro */ = {
			isa = PBXNativeTarget;
			buildConfigurationList = CC6B115A1FCC2C8B00F518AB /* Build configuration list for PBXNativeTarget "LearnPro" */;
			buildPhases = (
				CC6B11271FCC2C8B00F518AB /* Sources */,
				CC6B11281FCC2C8B00F518AB /* Frameworks */,
				CC6B11291FCC2C8B00F518AB /* Resources */,
			);
			buildRules = (
			);
			dependencies = (
			);
			name = LearnPro;
			productName = LearnPro;
			productReference = CC6B112B1FCC2C8B00F518AB /* LearnPro.app */;
			productType = "com.apple.product-type.application";
		};
		CC6B11451FCC2C8B00F518AB /* LearnProTests */ = {
			isa = PBXNativeTarget;
			buildConfigurationList = CC6B115D1FCC2C8B00F518AB /* Build configuration list for PBXNativeTarget "LearnProTests" */;
			buildPhases = (
				CC6B11421FCC2C8B00F518AB /* Sources */,
				CC6B11431FCC2C8B00F518AB /* Frameworks */,
				CC6B11441FCC2C8B00F518AB /* Resources */,
			);
			buildRules = (
			);
			dependencies = (
				CC6B11481FCC2C8B00F518AB /* PBXTargetDependency */,
			);
			name = LearnProTests;
			productName = LearnProTests;
			productReference = CC6B11461FCC2C8B00F518AB /* LearnProTests.xctest */;
			productType = "com.apple.product-type.bundle.unit-test";
		};
		CC6B11501FCC2C8B00F518AB /* LearnProUITests */ = {
			isa = PBXNativeTarget;
			buildConfigurationList = CC6B11601FCC2C8B00F518AB /* Build configuration list for PBXNativeTarget "LearnProUITests" */;
			buildPhases = (
				CC6B114D1FCC2C8B00F518AB /* Sources */,
				CC6B114E1FCC2C8B00F518AB /* Frameworks */,
				CC6B114F1FCC2C8B00F518AB /* Resources */,
			);
			buildRules = (
			);
			dependencies = (
				CC6B11531FCC2C8B00F518AB /* PBXTargetDependency */,
			);
			name = LearnProUITests;
			productName = LearnProUITests;
			productReference = CC6B11511FCC2C8B00F518AB /* LearnProUITests.xctest */;
			productType = "com.apple.product-type.bundle.ui-testing";
		};
/* End PBXNativeTarget section */

/* Begin PBXProject section */
		CC6B11231FCC2C8B00F518AB /* Project object */ = {
			isa = PBXProject;
			attributes = {
				LastUpgradeCheck = 0910;
				ORGANIZATIONNAME = Meri;
				TargetAttributes = {
					CC6B112A1FCC2C8B00F518AB = {
						CreatedOnToolsVersion = 9.1;
						ProvisioningStyle = Automatic;
					};
					CC6B11451FCC2C8B00F518AB = {
						CreatedOnToolsVersion = 9.1;
						ProvisioningStyle = Automatic;
						TestTargetID = CC6B112A1FCC2C8B00F518AB;
					};
					CC6B11501FCC2C8B00F518AB = {
						CreatedOnToolsVersion = 9.1;
						ProvisioningStyle = Automatic;
						TestTargetID = CC6B112A1FCC2C8B00F518AB;
					};
				};
			};
			buildConfigurationList = CC6B11261FCC2C8B00F518AB /* Build configuration list for PBXProject "LearnPro" */;
			compatibilityVersion = "Xcode 8.0";
			developmentRegion = en;
			hasScannedForEncodings = 0;
			knownRegions = (
				en,
				Base,
			);
			mainGroup = CC6B11221FCC2C8B00F518AB;
			productRefGroup = CC6B112C1FCC2C8B00F518AB /* Products */;
			projectDirPath = "";
			projectRoot = "";
			targets = (
				CC6B112A1FCC2C8B00F518AB /* LearnPro */,
				CC6B11451FCC2C8B00F518AB /* LearnProTests */,
				CC6B11501FCC2C8B00F518AB /* LearnProUITests */,
			);
		};
/* End PBXProject section */

/* Begin PBXResourcesBuildPhase section */
		CC6B11291FCC2C8B00F518AB /* Resources */ = {
			isa = PBXResourcesBuildPhase;
			buildActionMask = 2147483647;
			files = (
				CC6B113E1FCC2C8B00F518AB /* LaunchScreen.storyboard in Resources */,
				CC6B113B1FCC2C8B00F518AB /* Assets.xcassets in Resources */,
				CCFF4ABE2009EF9F008832EA /* SubviewViewController.xib in Resources */,
				CC26BA96202478D700901CC9 /* Lessons.storyboard in Resources */,
				CC26BA9320232E2400901CC9 /* MenuSide.storyboard in Resources */,
				CC26BAAA2024892E00901CC9 /* ClassCollectionViewCell.xib in Resources */,
				CC6B11361FCC2C8B00F518AB /* Main.storyboard in Resources */,
				CC26BABD20259B7400901CC9 /* SubjectSecondPageCollectionViewCell.xib in Resources */,
				CC2FC6DC2028B3D40006B727 /* LessonCollectionViewCell.xib in Resources */,
				CC227A04201208EE005949A1 /* WhyLearnProCollectionViewCell.xib in Resources */,
				CC227A152017765A005949A1 /* WLPdata.json in Resources */,
				CC227A0A20120CCC005949A1 /* BeFreeCollectionViewCell.xib in Resources */,
				CC7BB6F21FD87DC300348625 /* NewsCollectionViewCell.xib in Resources */,
				CC227A1020120CEF005949A1 /* SubectsCollectionViewCell.xib in Resources */,
				CC22796B200FA425005949A1 /* DemoCollectionViewCell.xib in Resources */,
				CC0F9C07203C87480070600D /* MenuData.json in Resources */,
				CC227A1320177655005949A1 /* BFdata.json in Resources */,
			);
			runOnlyForDeploymentPostprocessing = 0;
		};
		CC6B11441FCC2C8B00F518AB /* Resources */ = {
			isa = PBXResourcesBuildPhase;
			buildActionMask = 2147483647;
			files = (
			);
			runOnlyForDeploymentPostprocessing = 0;
		};
		CC6B114F1FCC2C8B00F518AB /* Resources */ = {
			isa = PBXResourcesBuildPhase;
			buildActionMask = 2147483647;
			files = (
			);
			runOnlyForDeploymentPostprocessing = 0;
		};
/* End PBXResourcesBuildPhase section */

/* Begin PBXSourcesBuildPhase section */
		CC6B11271FCC2C8B00F518AB /* Sources */ = {
			isa = PBXSourcesBuildPhase;
			buildActionMask = 2147483647;
			files = (
				CC2FC6BF2028AED30006B727 /* MMDrawerVisualState.m in Sources */,
				CC6EF43F1FD5426C00C81EED /* TabBarViewController.m in Sources */,
				CC7CB4CD1FF052A600A21748 /* LogInViewController.m in Sources */,
				CC2FC6AF2028A2160006B727 /* LPSubjectsApi.m in Sources */,
				CC0F9C1B203F53100070600D /* AFURLResponseSerialization.m in Sources */,
				CC2FC6A32028A0CE0006B727 /* MSRequest.m in Sources */,
				CC22796A200FA425005949A1 /* DemoCollectionViewCell.m in Sources */,
				CC227A0F20120CEF005949A1 /* SubectsCollectionViewCell.m in Sources */,
				CC2FC69E2028A0CE0006B727 /* MSAPIConstants.m in Sources */,
				CC2FC741202CA9A80006B727 /* LogRegViewController.m in Sources */,
				CC227A0920120CCC005949A1 /* BeFreeCollectionViewCell.m in Sources */,
				CC2FC6A52028A0CE0006B727 /* MSApi.m in Sources */,
				CC22795A200A97E4005949A1 /* MSNavigationController.m in Sources */,
				CC2FC6A92028A0F90006B727 /* Reachability.m in Sources */,
				CC7BB6F11FD87DC300348625 /* NewsCollectionViewCell.m in Sources */,
				CC0F9C18203F53100070600D /* AFNetworkReachabilityManager.m in Sources */,
				CC26BAA420247BB400901CC9 /* LessonsViewController.m in Sources */,
				CC0F9C1C203F53100070600D /* AFURLSessionManager.m in Sources */,
				CC0F9C17203F53100070600D /* AFHTTPSessionManager.m in Sources */,
				CC6B116D1FCC3F3F00F518AB /* AboutUsViewController.m in Sources */,
				CC26BA9020232D9200901CC9 /* RightView.m in Sources */,
				CC2FC6812028A0A80006B727 /* MSBaseRequest.m in Sources */,
				CC22795D200A981C005949A1 /* UIViewController+MSExtensions.m in Sources */,
				CC2FC6BE2028AED30006B727 /* MMDrawerController.m in Sources */,
				CC227960200A985A005949A1 /* UIColor+MSAdditions.m in Sources */,
				CCF4CBB22034CAC400E98D11 /* InfoViewController.m in Sources */,
				CCFF4AB6200545BB008832EA /* NSString+EmailValidation.m in Sources */,
				CC0F9C19203F53100070600D /* AFSecurityPolicy.m in Sources */,
				CC6B11301FCC2C8B00F518AB /* AppDelegate.m in Sources */,
				CC0F9C1A203F53100070600D /* AFURLRequestSerialization.m in Sources */,
				CC26BAA92024892E00901CC9 /* ClassCollectionViewCell.m in Sources */,
				CC2FC6BD2028AED30006B727 /* MMDrawerBarButtonItem.m in Sources */,
				CC22796F200FB243005949A1 /* DemoCellInfoViewController.m in Sources */,
				CC2FC6B32028A2BB0006B727 /* LPSubject.m in Sources */,
				CC7CB4D21FF052CF00A21748 /* RegisterViewController.m in Sources */,
				CC2FC6732028A0260006B727 /* JSON.m in Sources */,
				CC2FC6C02028AED30006B727 /* UIViewController+MMDrawerController.m in Sources */,
				CC26BAB52024D3E800901CC9 /* SubjectViewController.m in Sources */,
				CC2FC6802028A0A80006B727 /* MSApiRequest.m in Sources */,
				CC26BABC20259B7400901CC9 /* SubjectSecondPageCollectionViewCell.m in Sources */,
				CC2FC6712028A0260006B727 /* WebServiceManager.m in Sources */,
				CC6B11411FCC2C8B00F518AB /* main.m in Sources */,
				CC2FC6DB2028B3D40006B727 /* LessonCollectionViewCell.m in Sources */,
				CC2FC67A2028A0990006B727 /* MSGoogleTagManager.m in Sources */,
				CC26BA8D20232D7400901CC9 /* LeftView.m in Sources */,
				CC6B11761FCC3F7E00F518AB /* NewsViewController.m in Sources */,
				CC2FC6742028A0260006B727 /* NSURLSession+Addition.m in Sources */,
				CC2FC6722028A0260006B727 /* NSDictionary+UrlEncoding.m in Sources */,
				CC227973200FC76D005949A1 /* NewsCellInfoViewController.m in Sources */,
				CC6B11701FCC3F5400F518AB /* ContactUsViewController.m in Sources */,
				CC227A03201208EE005949A1 /* WhyLearnProCollectionViewCell.m in Sources */,
				CCFF4ABD2009EF9F008832EA /* SubviewViewController.m in Sources */,
				CC2279FF2012085F005949A1 /* HomeTableViewController.m in Sources */,
				CC26BAB120248ECD00901CC9 /* ClassesViewController.m in Sources */,
				CC6B11391FCC2C8B00F518AB /* LearnPro.xcdatamodeld in Sources */,
				CC6B11731FCC3F6B00F518AB /* DemoViewController.m in Sources */,
			);
			runOnlyForDeploymentPostprocessing = 0;
		};
		CC6B11421FCC2C8B00F518AB /* Sources */ = {
			isa = PBXSourcesBuildPhase;
			buildActionMask = 2147483647;
			files = (
				CC6B114B1FCC2C8B00F518AB /* LearnProTests.m in Sources */,
			);
			runOnlyForDeploymentPostprocessing = 0;
		};
		CC6B114D1FCC2C8B00F518AB /* Sources */ = {
			isa = PBXSourcesBuildPhase;
			buildActionMask = 2147483647;
			files = (
				CC6B11561FCC2C8B00F518AB /* LearnProUITests.m in Sources */,
			);
			runOnlyForDeploymentPostprocessing = 0;
		};
/* End PBXSourcesBuildPhase section */

/* Begin PBXTargetDependency section */
		CC6B11481FCC2C8B00F518AB /* PBXTargetDependency */ = {
			isa = PBXTargetDependency;
			target = CC6B112A1FCC2C8B00F518AB /* LearnPro */;
			targetProxy = CC6B11471FCC2C8B00F518AB /* PBXContainerItemProxy */;
		};
		CC6B11531FCC2C8B00F518AB /* PBXTargetDependency */ = {
			isa = PBXTargetDependency;
			target = CC6B112A1FCC2C8B00F518AB /* LearnPro */;
			targetProxy = CC6B11521FCC2C8B00F518AB /* PBXContainerItemProxy */;
		};
/* End PBXTargetDependency section */

/* Begin PBXVariantGroup section */
		CC26BA9120232E2300901CC9 /* MenuSide.storyboard */ = {
			isa = PBXVariantGroup;
			children = (
				CC26BA9220232E2300901CC9 /* Base */,
			);
			name = MenuSide.storyboard;
			sourceTree = "<group>";
		};
		CC26BA94202478D600901CC9 /* Lessons.storyboard */ = {
			isa = PBXVariantGroup;
			children = (
				CC26BA95202478D600901CC9 /* Base */,
			);
			name = Lessons.storyboard;
			sourceTree = "<group>";
		};
		CC6B11341FCC2C8B00F518AB /* Main.storyboard */ = {
			isa = PBXVariantGroup;
			children = (
				CC6B11351FCC2C8B00F518AB /* Base */,
			);
			name = Main.storyboard;
			sourceTree = "<group>";
		};
		CC6B113C1FCC2C8B00F518AB /* LaunchScreen.storyboard */ = {
			isa = PBXVariantGroup;
			children = (
				CC6B113D1FCC2C8B00F518AB /* Base */,
			);
			name = LaunchScreen.storyboard;
			sourceTree = "<group>";
		};
/* End PBXVariantGroup section */

/* Begin XCBuildConfiguration section */
		CC6B11581FCC2C8B00F518AB /* Debug */ = {
			isa = XCBuildConfiguration;
			buildSettings = {
				ALWAYS_SEARCH_USER_PATHS = NO;
				CLANG_ANALYZER_NONNULL = YES;
				CLANG_ANALYZER_NUMBER_OBJECT_CONVERSION = YES_AGGRESSIVE;
				CLANG_CXX_LANGUAGE_STANDARD = "gnu++14";
				CLANG_CXX_LIBRARY = "libc++";
				CLANG_ENABLE_MODULES = YES;
				CLANG_ENABLE_OBJC_ARC = YES;
				CLANG_WARN_BLOCK_CAPTURE_AUTORELEASING = YES;
				CLANG_WARN_BOOL_CONVERSION = YES;
				CLANG_WARN_COMMA = YES;
				CLANG_WARN_CONSTANT_CONVERSION = YES;
				CLANG_WARN_DIRECT_OBJC_ISA_USAGE = YES_ERROR;
				CLANG_WARN_DOCUMENTATION_COMMENTS = YES;
				CLANG_WARN_EMPTY_BODY = YES;
				CLANG_WARN_ENUM_CONVERSION = YES;
				CLANG_WARN_INFINITE_RECURSION = YES;
				CLANG_WARN_INT_CONVERSION = YES;
				CLANG_WARN_NON_LITERAL_NULL_CONVERSION = YES;
				CLANG_WARN_OBJC_LITERAL_CONVERSION = YES;
				CLANG_WARN_OBJC_ROOT_CLASS = YES_ERROR;
				CLANG_WARN_RANGE_LOOP_ANALYSIS = YES;
				CLANG_WARN_STRICT_PROTOTYPES = YES;
				CLANG_WARN_SUSPICIOUS_MOVE = YES;
				CLANG_WARN_UNGUARDED_AVAILABILITY = YES_AGGRESSIVE;
				CLANG_WARN_UNREACHABLE_CODE = YES;
				CLANG_WARN__DUPLICATE_METHOD_MATCH = YES;
				CODE_SIGN_IDENTITY = "iPhone Developer";
				COPY_PHASE_STRIP = NO;
				DEBUG_INFORMATION_FORMAT = dwarf;
				ENABLE_STRICT_OBJC_MSGSEND = YES;
				ENABLE_TESTABILITY = YES;
				GCC_C_LANGUAGE_STANDARD = gnu11;
				GCC_DYNAMIC_NO_PIC = NO;
				GCC_NO_COMMON_BLOCKS = YES;
				GCC_OPTIMIZATION_LEVEL = 0;
				GCC_PREPROCESSOR_DEFINITIONS = (
					"DEBUG=1",
					"$(inherited)",
				);
				GCC_WARN_64_TO_32_BIT_CONVERSION = YES;
				GCC_WARN_ABOUT_RETURN_TYPE = YES_ERROR;
				GCC_WARN_UNDECLARED_SELECTOR = YES;
				GCC_WARN_UNINITIALIZED_AUTOS = YES_AGGRESSIVE;
				GCC_WARN_UNUSED_FUNCTION = YES;
				GCC_WARN_UNUSED_VARIABLE = YES;
				IPHONEOS_DEPLOYMENT_TARGET = 11.1;
				MTL_ENABLE_DEBUG_INFO = YES;
				ONLY_ACTIVE_ARCH = YES;
				SDKROOT = iphoneos;
			};
			name = Debug;
		};
		CC6B11591FCC2C8B00F518AB /* Release */ = {
			isa = XCBuildConfiguration;
			buildSettings = {
				ALWAYS_SEARCH_USER_PATHS = NO;
				CLANG_ANALYZER_NONNULL = YES;
				CLANG_ANALYZER_NUMBER_OBJECT_CONVERSION = YES_AGGRESSIVE;
				CLANG_CXX_LANGUAGE_STANDARD = "gnu++14";
				CLANG_CXX_LIBRARY = "libc++";
				CLANG_ENABLE_MODULES = YES;
				CLANG_ENABLE_OBJC_ARC = YES;
				CLANG_WARN_BLOCK_CAPTURE_AUTORELEASING = YES;
				CLANG_WARN_BOOL_CONVERSION = YES;
				CLANG_WARN_COMMA = YES;
				CLANG_WARN_CONSTANT_CONVERSION = YES;
				CLANG_WARN_DIRECT_OBJC_ISA_USAGE = YES_ERROR;
				CLANG_WARN_DOCUMENTATION_COMMENTS = YES;
				CLANG_WARN_EMPTY_BODY = YES;
				CLANG_WARN_ENUM_CONVERSION = YES;
				CLANG_WARN_INFINITE_RECURSION = YES;
				CLANG_WARN_INT_CONVERSION = YES;
				CLANG_WARN_NON_LITERAL_NULL_CONVERSION = YES;
				CLANG_WARN_OBJC_LITERAL_CONVERSION = YES;
				CLANG_WARN_OBJC_ROOT_CLASS = YES_ERROR;
				CLANG_WARN_RANGE_LOOP_ANALYSIS = YES;
				CLANG_WARN_STRICT_PROTOTYPES = YES;
				CLANG_WARN_SUSPICIOUS_MOVE = YES;
				CLANG_WARN_UNGUARDED_AVAILABILITY = YES_AGGRESSIVE;
				CLANG_WARN_UNREACHABLE_CODE = YES;
				CLANG_WARN__DUPLICATE_METHOD_MATCH = YES;
				CODE_SIGN_IDENTITY = "iPhone Developer";
				COPY_PHASE_STRIP = NO;
				DEBUG_INFORMATION_FORMAT = "dwarf-with-dsym";
				ENABLE_NS_ASSERTIONS = NO;
				ENABLE_STRICT_OBJC_MSGSEND = YES;
				GCC_C_LANGUAGE_STANDARD = gnu11;
				GCC_NO_COMMON_BLOCKS = YES;
				GCC_WARN_64_TO_32_BIT_CONVERSION = YES;
				GCC_WARN_ABOUT_RETURN_TYPE = YES_ERROR;
				GCC_WARN_UNDECLARED_SELECTOR = YES;
				GCC_WARN_UNINITIALIZED_AUTOS = YES_AGGRESSIVE;
				GCC_WARN_UNUSED_FUNCTION = YES;
				GCC_WARN_UNUSED_VARIABLE = YES;
				IPHONEOS_DEPLOYMENT_TARGET = 11.1;
				MTL_ENABLE_DEBUG_INFO = NO;
				SDKROOT = iphoneos;
				VALIDATE_PRODUCT = YES;
			};
			name = Release;
		};
		CC6B115B1FCC2C8B00F518AB /* Debug */ = {
			isa = XCBuildConfiguration;
			buildSettings = {
				ASSETCATALOG_COMPILER_APPICON_NAME = AppIcon;
				CODE_SIGN_STYLE = Automatic;
				DEVELOPMENT_TEAM = KJNP32YGW2;
				INFOPLIST_FILE = LearnPro/Info.plist;
				IPHONEOS_DEPLOYMENT_TARGET = 9.0;
				LD_RUNPATH_SEARCH_PATHS = "$(inherited) @executable_path/Frameworks";
				PRODUCT_BUNDLE_IDENTIFIER = com.meri.LearnPro;
				PRODUCT_NAME = "$(TARGET_NAME)";
				TARGETED_DEVICE_FAMILY = "1,2";
			};
			name = Debug;
		};
		CC6B115C1FCC2C8B00F518AB /* Release */ = {
			isa = XCBuildConfiguration;
			buildSettings = {
				ASSETCATALOG_COMPILER_APPICON_NAME = AppIcon;
				CODE_SIGN_STYLE = Automatic;
				DEVELOPMENT_TEAM = KJNP32YGW2;
				INFOPLIST_FILE = LearnPro/Info.plist;
				IPHONEOS_DEPLOYMENT_TARGET = 9.0;
				LD_RUNPATH_SEARCH_PATHS = "$(inherited) @executable_path/Frameworks";
				PRODUCT_BUNDLE_IDENTIFIER = com.meri.LearnPro;
				PRODUCT_NAME = "$(TARGET_NAME)";
				TARGETED_DEVICE_FAMILY = "1,2";
			};
			name = Release;
		};
		CC6B115E1FCC2C8B00F518AB /* Debug */ = {
			isa = XCBuildConfiguration;
			buildSettings = {
				BUNDLE_LOADER = "$(TEST_HOST)";
				CODE_SIGN_STYLE = Automatic;
				DEVELOPMENT_TEAM = KJNP32YGW2;
				INFOPLIST_FILE = LearnProTests/Info.plist;
				LD_RUNPATH_SEARCH_PATHS = "$(inherited) @executable_path/Frameworks @loader_path/Frameworks";
				PRODUCT_BUNDLE_IDENTIFIER = com.meri.LearnProTests;
				PRODUCT_NAME = "$(TARGET_NAME)";
				TARGETED_DEVICE_FAMILY = "1,2";
				TEST_HOST = "$(BUILT_PRODUCTS_DIR)/LearnPro.app/LearnPro";
			};
			name = Debug;
		};
		CC6B115F1FCC2C8B00F518AB /* Release */ = {
			isa = XCBuildConfiguration;
			buildSettings = {
				BUNDLE_LOADER = "$(TEST_HOST)";
				CODE_SIGN_STYLE = Automatic;
				DEVELOPMENT_TEAM = KJNP32YGW2;
				INFOPLIST_FILE = LearnProTests/Info.plist;
				LD_RUNPATH_SEARCH_PATHS = "$(inherited) @executable_path/Frameworks @loader_path/Frameworks";
				PRODUCT_BUNDLE_IDENTIFIER = com.meri.LearnProTests;
				PRODUCT_NAME = "$(TARGET_NAME)";
				TARGETED_DEVICE_FAMILY = "1,2";
				TEST_HOST = "$(BUILT_PRODUCTS_DIR)/LearnPro.app/LearnPro";
			};
			name = Release;
		};
		CC6B11611FCC2C8B00F518AB /* Debug */ = {
			isa = XCBuildConfiguration;
			buildSettings = {
				CODE_SIGN_STYLE = Automatic;
				DEVELOPMENT_TEAM = KJNP32YGW2;
				INFOPLIST_FILE = LearnProUITests/Info.plist;
				LD_RUNPATH_SEARCH_PATHS = "$(inherited) @executable_path/Frameworks @loader_path/Frameworks";
				PRODUCT_BUNDLE_IDENTIFIER = com.meri.LearnProUITests;
				PRODUCT_NAME = "$(TARGET_NAME)";
				TARGETED_DEVICE_FAMILY = "1,2";
				TEST_TARGET_NAME = LearnPro;
			};
			name = Debug;
		};
		CC6B11621FCC2C8B00F518AB /* Release */ = {
			isa = XCBuildConfiguration;
			buildSettings = {
				CODE_SIGN_STYLE = Automatic;
				DEVELOPMENT_TEAM = KJNP32YGW2;
				INFOPLIST_FILE = LearnProUITests/Info.plist;
				LD_RUNPATH_SEARCH_PATHS = "$(inherited) @executable_path/Frameworks @loader_path/Frameworks";
				PRODUCT_BUNDLE_IDENTIFIER = com.meri.LearnProUITests;
				PRODUCT_NAME = "$(TARGET_NAME)";
				TARGETED_DEVICE_FAMILY = "1,2";
				TEST_TARGET_NAME = LearnPro;
			};
			name = Release;
		};
/* End XCBuildConfiguration section */

/* Begin XCConfigurationList section */
		CC6B11261FCC2C8B00F518AB /* Build configuration list for PBXProject "LearnPro" */ = {
			isa = XCConfigurationList;
			buildConfigurations = (
				CC6B11581FCC2C8B00F518AB /* Debug */,
				CC6B11591FCC2C8B00F518AB /* Release */,
			);
			defaultConfigurationIsVisible = 0;
			defaultConfigurationName = Release;
		};
		CC6B115A1FCC2C8B00F518AB /* Build configuration list for PBXNativeTarget "LearnPro" */ = {
			isa = XCConfigurationList;
			buildConfigurations = (
				CC6B115B1FCC2C8B00F518AB /* Debug */,
				CC6B115C1FCC2C8B00F518AB /* Release */,
			);
			defaultConfigurationIsVisible = 0;
			defaultConfigurationName = Release;
		};
		CC6B115D1FCC2C8B00F518AB /* Build configuration list for PBXNativeTarget "LearnProTests" */ = {
			isa = XCConfigurationList;
			buildConfigurations = (
				CC6B115E1FCC2C8B00F518AB /* Debug */,
				CC6B115F1FCC2C8B00F518AB /* Release */,
			);
			defaultConfigurationIsVisible = 0;
			defaultConfigurationName = Release;
		};
		CC6B11601FCC2C8B00F518AB /* Build configuration list for PBXNativeTarget "LearnProUITests" */ = {
			isa = XCConfigurationList;
			buildConfigurations = (
				CC6B11611FCC2C8B00F518AB /* Debug */,
				CC6B11621FCC2C8B00F518AB /* Release */,
			);
			defaultConfigurationIsVisible = 0;
			defaultConfigurationName = Release;
		};
/* End XCConfigurationList section */

/* Begin XCVersionGroup section */
		CC6B11371FCC2C8B00F518AB /* LearnPro.xcdatamodeld */ = {
			isa = XCVersionGroup;
			children = (
				CC6B11381FCC2C8B00F518AB /* LearnPro.xcdatamodel */,
			);
			currentVersion = CC6B11381FCC2C8B00F518AB /* LearnPro.xcdatamodel */;
			path = LearnPro.xcdatamodeld;
			sourceTree = "<group>";
			versionGroupType = wrapper.xcdatamodel;
		};
/* End XCVersionGroup section */
	};
	rootObject = CC6B11231FCC2C8B00F518AB /* Project object */;
}
